// !$*UTF8*$!
{
	archiveVersion = 1;
	classes = {
	};
	objectVersion = 46;
	objects = {

/* Begin PBXBuildFile section */
		3A6E58561E812C000009FED0 /* main.m in Sources */ = {isa = PBXBuildFile; fileRef = 3A6E58551E812C000009FED0 /* main.m */; };
		3A6E58591E812C000009FED0 /* AppDelegate.m in Sources */ = {isa = PBXBuildFile; fileRef = 3A6E58581E812C000009FED0 /* AppDelegate.m */; };
		3A6E585C1E812C000009FED0 /* ViewController.m in Sources */ = {isa = PBXBuildFile; fileRef = 3A6E585B1E812C000009FED0 /* ViewController.m */; };
		3A6E585F1E812C000009FED0 /* Main.storyboard in Resources */ = {isa = PBXBuildFile; fileRef = 3A6E585D1E812C000009FED0 /* Main.storyboard */; };
		3A6E58611E812C000009FED0 /* Assets.xcassets in Resources */ = {isa = PBXBuildFile; fileRef = 3A6E58601E812C000009FED0 /* Assets.xcassets */; };
		3A6E58641E812C000009FED0 /* LaunchScreen.storyboard in Resources */ = {isa = PBXBuildFile; fileRef = 3A6E58621E812C000009FED0 /* LaunchScreen.storyboard */; };
		3A6E586F1E812C010009FED0 /* ContactHelperTests.m in Sources */ = {isa = PBXBuildFile; fileRef = 3A6E586E1E812C010009FED0 /* ContactHelperTests.m */; };
		3A6E587A1E812C010009FED0 /* ContactHelperUITests.m in Sources */ = {isa = PBXBuildFile; fileRef = 3A6E58791E812C010009FED0 /* ContactHelperUITests.m */; };
		3A6E588C1E812D3C0009FED0 /* JHAddContacts.m in Sources */ = {isa = PBXBuildFile; fileRef = 3A6E58891E812D3C0009FED0 /* JHAddContacts.m */; };
		3A6E588D1E812D3C0009FED0 /* SJABHelper.m in Sources */ = {isa = PBXBuildFile; fileRef = 3A6E588B1E812D3C0009FED0 /* SJABHelper.m */; };
		3A6E588F1E812EA80009FED0 /* Empty.xib in Resources */ = {isa = PBXBuildFile; fileRef = 3A6E588E1E812EA80009FED0 /* Empty.xib */; };
/* End PBXBuildFile section */

/* Begin PBXContainerItemProxy section */
		3A6E586B1E812C010009FED0 /* PBXContainerItemProxy */ = {
			isa = PBXContainerItemProxy;
			containerPortal = 3A6E58491E812C000009FED0 /* Project object */;
			proxyType = 1;
			remoteGlobalIDString = 3A6E58501E812C000009FED0;
			remoteInfo = ContactHelper;
		};
		3A6E58761E812C010009FED0 /* PBXContainerItemProxy */ = {
			isa = PBXContainerItemProxy;
			containerPortal = 3A6E58491E812C000009FED0 /* Project object */;
			proxyType = 1;
			remoteGlobalIDString = 3A6E58501E812C000009FED0;
			remoteInfo = ContactHelper;
		};
/* End PBXContainerItemProxy section */

/* Begin PBXFileReference section */
		3A6E58511E812C000009FED0 /* ContactHelper.app */ = {isa = PBXFileReference; explicitFileType = wrapper.application; includeInIndex = 0; path = ContactHelper.app; sourceTree = BUILT_PRODUCTS_DIR; };
		3A6E58551E812C000009FED0 /* main.m */ = {isa = PBXFileReference; lastKnownFileType = sourcecode.c.objc; path = main.m; sourceTree = "<group>"; };
		3A6E58571E812C000009FED0 /* AppDelegate.h */ = {isa = PBXFileReference; lastKnownFileType = sourcecode.c.h; path = AppDelegate.h; sourceTree = "<group>"; };
		3A6E58581E812C000009FED0 /* AppDelegate.m */ = {isa = PBXFileReference; lastKnownFileType = sourcecode.c.objc; path = AppDelegate.m; sourceTree = "<group>"; };
		3A6E585A1E812C000009FED0 /* ViewController.h */ = {isa = PBXFileReference; lastKnownFileType = sourcecode.c.h; path = ViewController.h; sourceTree = "<group>"; };
		3A6E585B1E812C000009FED0 /* ViewController.m */ = {isa = PBXFileReference; lastKnownFileType = sourcecode.c.objc; path = ViewController.m; sourceTree = "<group>"; };
		3A6E585E1E812C000009FED0 /* Base */ = {isa = PBXFileReference; lastKnownFileType = file.storyboard; name = Base; path = Base.lproj/Main.storyboard; sourceTree = "<group>"; };
		3A6E58601E812C000009FED0 /* Assets.xcassets */ = {isa = PBXFileReference; lastKnownFileType = folder.assetcatalog; path = Assets.xcassets; sourceTree = "<group>"; };
		3A6E58631E812C000009FED0 /* Base */ = {isa = PBXFileReference; lastKnownFileType = file.storyboard; name = Base; path = Base.lproj/LaunchScreen.storyboard; sourceTree = "<group>"; };
		3A6E58651E812C000009FED0 /* Info.plist */ = {isa = PBXFileReference; lastKnownFileType = text.plist.xml; path = Info.plist; sourceTree = "<group>"; };
		3A6E586A1E812C010009FED0 /* ContactHelperTests.xctest */ = {isa = PBXFileReference; explicitFileType = wrapper.cfbundle; includeInIndex = 0; path = ContactHelperTests.xctest; sourceTree = BUILT_PRODUCTS_DIR; };
		3A6E586E1E812C010009FED0 /* ContactHelperTests.m */ = {isa = PBXFileReference; lastKnownFileType = sourcecode.c.objc; path = ContactHelperTests.m; sourceTree = "<group>"; };
		3A6E58701E812C010009FED0 /* Info.plist */ = {isa = PBXFileReference; lastKnownFileType = text.plist.xml; path = Info.plist; sourceTree = "<group>"; };
		3A6E58751E812C010009FED0 /* ContactHelperUITests.xctest */ = {isa = PBXFileReference; explicitFileType = wrapper.cfbundle; includeInIndex = 0; path = ContactHelperUITests.xctest; sourceTree = BUILT_PRODUCTS_DIR; };
		3A6E58791E812C010009FED0 /* ContactHelperUITests.m */ = {isa = PBXFileReference; lastKnownFileType = sourcecode.c.objc; path = ContactHelperUITests.m; sourceTree = "<group>"; };
		3A6E587B1E812C010009FED0 /* Info.plist */ = {isa = PBXFileReference; lastKnownFileType = text.plist.xml; path = Info.plist; sourceTree = "<group>"; };
		3A6E58881E812D3C0009FED0 /* JHAddContacts.h */ = {isa = PBXFileReference; fileEncoding = 4; lastKnownFileType = sourcecode.c.h; path = JHAddContacts.h; sourceTree = "<group>"; };
		3A6E58891E812D3C0009FED0 /* JHAddContacts.m */ = {isa = PBXFileReference; fileEncoding = 4; lastKnownFileType = sourcecode.c.objc; path = JHAddContacts.m; sourceTree = "<group>"; };
		3A6E588A1E812D3C0009FED0 /* SJABHelper.h */ = {isa = PBXFileReference; fileEncoding = 4; lastKnownFileType = sourcecode.c.h; path = SJABHelper.h; sourceTree = "<group>"; };
		3A6E588B1E812D3C0009FED0 /* SJABHelper.m */ = {isa = PBXFileReference; fileEncoding = 4; lastKnownFileType = sourcecode.c.objc; path = SJABHelper.m; sourceTree = "<group>"; };
		3A6E588E1E812EA80009FED0 /* Empty.xib */ = {isa = PBXFileReference; fileEncoding = 4; lastKnownFileType = file.xib; path = Empty.xib; sourceTree = "<group>"; };
/* End PBXFileReference section */

/* Begin PBXFrameworksBuildPhase section */
		3A6E584E1E812C000009FED0 /* Frameworks */ = {
			isa = PBXFrameworksBuildPhase;
			buildActionMask = 2147483647;
			files = (
			);
			runOnlyForDeploymentPostprocessing = 0;
		};
		3A6E58671E812C010009FED0 /* Frameworks */ = {
			isa = PBXFrameworksBuildPhase;
			buildActionMask = 2147483647;
			files = (
			);
			runOnlyForDeploymentPostprocessing = 0;
		};
		3A6E58721E812C010009FED0 /* Frameworks */ = {
			isa = PBXFrameworksBuildPhase;
			buildActionMask = 2147483647;
			files = (
			);
			runOnlyForDeploymentPostprocessing = 0;
		};
/* End PBXFrameworksBuildPhase section */

/* Begin PBXGroup section */
		3A6E58481E812C000009FED0 = {
			isa = PBXGroup;
			children = (
				3A6E58871E812D0A0009FED0 /* contactHelperTool */,
				3A6E58531E812C000009FED0 /* ContactHelper */,
				3A6E586D1E812C010009FED0 /* ContactHelperTests */,
				3A6E58781E812C010009FED0 /* ContactHelperUITests */,
				3A6E58521E812C000009FED0 /* Products */,
			);
			sourceTree = "<group>";
		};
		3A6E58521E812C000009FED0 /* Products */ = {
			isa = PBXGroup;
			children = (
				3A6E58511E812C000009FED0 /* ContactHelper.app */,
				3A6E586A1E812C010009FED0 /* ContactHelperTests.xctest */,
				3A6E58751E812C010009FED0 /* ContactHelperUITests.xctest */,
			);
			name = Products;
			sourceTree = "<group>";
		};
		3A6E58531E812C000009FED0 /* ContactHelper */ = {
			isa = PBXGroup;
			children = (
				3A6E58571E812C000009FED0 /* AppDelegate.h */,
				3A6E58581E812C000009FED0 /* AppDelegate.m */,
				3A6E585A1E812C000009FED0 /* ViewController.h */,
				3A6E585B1E812C000009FED0 /* ViewController.m */,
				3A6E585D1E812C000009FED0 /* Main.storyboard */,
				3A6E58601E812C000009FED0 /* Assets.xcassets */,
				3A6E58621E812C000009FED0 /* LaunchScreen.storyboard */,
				3A6E58651E812C000009FED0 /* Info.plist */,
				3A6E58541E812C000009FED0 /* Supporting Files */,
				3A6E588E1E812EA80009FED0 /* Empty.xib */,
			);
			path = ContactHelper;
			sourceTree = "<group>";
		};
		3A6E58541E812C000009FED0 /* Supporting Files */ = {
			isa = PBXGroup;
			children = (
				3A6E58551E812C000009FED0 /* main.m */,
			);
			name = "Supporting Files";
			sourceTree = "<group>";
		};
		3A6E586D1E812C010009FED0 /* ContactHelperTests */ = {
			isa = PBXGroup;
			children = (
				3A6E586E1E812C010009FED0 /* ContactHelperTests.m */,
				3A6E58701E812C010009FED0 /* Info.plist */,
			);
			path = ContactHelperTests;
			sourceTree = "<group>";
		};
		3A6E58781E812C010009FED0 /* ContactHelperUITests */ = {
			isa = PBXGroup;
			children = (
				3A6E58791E812C010009FED0 /* ContactHelperUITests.m */,
				3A6E587B1E812C010009FED0 /* Info.plist */,
			);
			path = ContactHelperUITests;
			sourceTree = "<group>";
		};
		3A6E58871E812D0A0009FED0 /* contactHelperTool */ = {
			isa = PBXGroup;
			children = (
				3A6E58881E812D3C0009FED0 /* JHAddContacts.h */,
				3A6E58891E812D3C0009FED0 /* JHAddContacts.m */,
				3A6E588A1E812D3C0009FED0 /* SJABHelper.h */,
				3A6E588B1E812D3C0009FED0 /* SJABHelper.m */,
			);
			path = contactHelperTool;
			sourceTree = "<group>";
		};
/* End PBXGroup section */

/* Begin PBXNativeTarget section */
		3A6E58501E812C000009FED0 /* ContactHelper */ = {
			isa = PBXNativeTarget;
			buildConfigurationList = 3A6E587E1E812C010009FED0 /* Build configuration list for PBXNativeTarget "ContactHelper" */;
			buildPhases = (
				3A6E584D1E812C000009FED0 /* Sources */,
				3A6E584E1E812C000009FED0 /* Frameworks */,
				3A6E584F1E812C000009FED0 /* Resources */,
			);
			buildRules = (
			);
			dependencies = (
			);
			name = ContactHelper;
			productName = ContactHelper;
			productReference = 3A6E58511E812C000009FED0 /* ContactHelper.app */;
			productType = "com.apple.product-type.application";
		};
		3A6E58691E812C010009FED0 /* ContactHelperTests */ = {
			isa = PBXNativeTarget;
			buildConfigurationList = 3A6E58811E812C010009FED0 /* Build configuration list for PBXNativeTarget "ContactHelperTests" */;
			buildPhases = (
				3A6E58661E812C010009FED0 /* Sources */,
				3A6E58671E812C010009FED0 /* Frameworks */,
				3A6E58681E812C010009FED0 /* Resources */,
			);
			buildRules = (
			);
			dependencies = (
				3A6E586C1E812C010009FED0 /* PBXTargetDependency */,
			);
			name = ContactHelperTests;
			productName = ContactHelperTests;
			productReference = 3A6E586A1E812C010009FED0 /* ContactHelperTests.xctest */;
			productType = "com.apple.product-type.bundle.unit-test";
		};
		3A6E58741E812C010009FED0 /* ContactHelperUITests */ = {
			isa = PBXNativeTarget;
			buildConfigurationList = 3A6E58841E812C010009FED0 /* Build configuration list for PBXNativeTarget "ContactHelperUITests" */;
			buildPhases = (
				3A6E58711E812C010009FED0 /* Sources */,
				3A6E58721E812C010009FED0 /* Frameworks */,
				3A6E58731E812C010009FED0 /* Resources */,
			);
			buildRules = (
			);
			dependencies = (
				3A6E58771E812C010009FED0 /* PBXTargetDependency */,
			);
			name = ContactHelperUITests;
			productName = ContactHelperUITests;
			productReference = 3A6E58751E812C010009FED0 /* ContactHelperUITests.xctest */;
			productType = "com.apple.product-type.bundle.ui-testing";
		};
/* End PBXNativeTarget section */

/* Begin PBXProject section */
		3A6E58491E812C000009FED0 /* Project object */ = {
			isa = PBXProject;
			attributes = {
				LastUpgradeCheck = 0820;
				ORGANIZATIONNAME = "杨丰林";
				TargetAttributes = {
					3A6E58501E812C000009FED0 = {
						CreatedOnToolsVersion = 8.2.1;
						DevelopmentTeam = KK5694975F;
						ProvisioningStyle = Automatic;
					};
					3A6E58691E812C010009FED0 = {
						CreatedOnToolsVersion = 8.2.1;
						ProvisioningStyle = Automatic;
						TestTargetID = 3A6E58501E812C000009FED0;
					};
					3A6E58741E812C010009FED0 = {
						CreatedOnToolsVersion = 8.2.1;
						ProvisioningStyle = Automatic;
						TestTargetID = 3A6E58501E812C000009FED0;
					};
				};
			};
			buildConfigurationList = 3A6E584C1E812C000009FED0 /* Build configuration list for PBXProject "ContactHelper" */;
			compatibilityVersion = "Xcode 3.2";
			developmentRegion = English;
			hasScannedForEncodings = 0;
			knownRegions = (
				en,
				Base,
			);
			mainGroup = 3A6E58481E812C000009FED0;
			productRefGroup = 3A6E58521E812C000009FED0 /* Products */;
			projectDirPath = "";
			projectRoot = "";
			targets = (
				3A6E58501E812C000009FED0 /* ContactHelper */,
				3A6E58691E812C010009FED0 /* ContactHelperTests */,
				3A6E58741E812C010009FED0 /* ContactHelperUITests */,
			);
		};
/* End PBXProject section */

/* Begin PBXResourcesBuildPhase section */
		3A6E584F1E812C000009FED0 /* Resources */ = {
			isa = PBXResourcesBuildPhase;
			buildActionMask = 2147483647;
			files = (
				3A6E58641E812C000009FED0 /* LaunchScreen.storyboard in Resources */,
				3A6E588F1E812EA80009FED0 /* Empty.xib in Resources */,
				3A6E58611E812C000009FED0 /* Assets.xcassets in Resources */,
				3A6E585F1E812C000009FED0 /* Main.storyboard in Resources */,
			);
			runOnlyForDeploymentPostprocessing = 0;
		};
		3A6E58681E812C010009FED0 /* Resources */ = {
			isa = PBXResourcesBuildPhase;
			buildActionMask = 2147483647;
			files = (
			);
			runOnlyForDeploymentPostprocessing = 0;
		};
		3A6E58731E812C010009FED0 /* Resources */ = {
			isa = PBXResourcesBuildPhase;
			buildActionMask = 2147483647;
			files = (
			);
			runOnlyForDeploymentPostprocessing = 0;
		};
/* End PBXResourcesBuildPhase section */

/* Begin PBXSourcesBuildPhase section */
		3A6E584D1E812C000009FED0 /* Sources */ = {
			isa = PBXSourcesBuildPhase;
			buildActionMask = 2147483647;
			files = (
				3A6E588C1E812D3C0009FED0 /* JHAddContacts.m in Sources */,
				3A6E585C1E812C000009FED0 /* ViewController.m in Sources */,
				3A6E58591E812C000009FED0 /* AppDelegate.m in Sources */,
				3A6E58561E812C000009FED0 /* main.m in Sources */,
				3A6E588D1E812D3C0009FED0 /* SJABHelper.m in Sources */,
			);
			runOnlyForDeploymentPostprocessing = 0;
		};
		3A6E58661E812C010009FED0 /* Sources */ = {
			isa = PBXSourcesBuildPhase;
			buildActionMask = 2147483647;
			files = (
				3A6E586F1E812C010009FED0 /* ContactHelperTests.m in Sources */,
			);
			runOnlyForDeploymentPostprocessing = 0;
		};
		3A6E58711E812C010009FED0 /* Sources */ = {
			isa = PBXSourcesBuildPhase;
			buildActionMask = 2147483647;
			files = (
				3A6E587A1E812C010009FED0 /* ContactHelperUITests.m in Sources */,
			);
			runOnlyForDeploymentPostprocessing = 0;
		};
/* End PBXSourcesBuildPhase section */

/* Begin PBXTargetDependency section */
		3A6E586C1E812C010009FED0 /* PBXTargetDependency */ = {
			isa = PBXTargetDependency;
			target = 3A6E58501E812C000009FED0 /* ContactHelper */;
			targetProxy = 3A6E586B1E812C010009FED0 /* PBXContainerItemProxy */;
		};
		3A6E58771E812C010009FED0 /* PBXTargetDependency */ = {
			isa = PBXTargetDependency;
			target = 3A6E58501E812C000009FED0 /* ContactHelper */;
			targetProxy = 3A6E58761E812C010009FED0 /* PBXContainerItemProxy */;
		};
/* End PBXTargetDependency section */

/* Begin PBXVariantGroup section */
		3A6E585D1E812C000009FED0 /* Main.storyboard */ = {
			isa = PBXVariantGroup;
			children = (
				3A6E585E1E812C000009FED0 /* Base */,
			);
			name = Main.storyboard;
			sourceTree = "<group>";
		};
		3A6E58621E812C000009FED0 /* LaunchScreen.storyboard */ = {
			isa = PBXVariantGroup;
			children = (
				3A6E58631E812C000009FED0 /* Base */,
			);
			name = LaunchScreen.storyboard;
			sourceTree = "<group>";
		};
/* End PBXVariantGroup section */

/* Begin XCBuildConfiguration section */
		3A6E587C1E812C010009FED0 /* Debug */ = {
			isa = XCBuildConfiguration;
			buildSettings = {
				ALWAYS_SEARCH_USER_PATHS = NO;
				CLANG_ANALYZER_NONNULL = YES;
				CLANG_CXX_LANGUAGE_STANDARD = "gnu++0x";
				CLANG_CXX_LIBRARY = "libc++";
				CLANG_ENABLE_MODULES = YES;
				CLANG_ENABLE_OBJC_ARC = YES;
				CLANG_WARN_BOOL_CONVERSION = YES;
				CLANG_WARN_CONSTANT_CONVERSION = YES;
				CLANG_WARN_DIRECT_OBJC_ISA_USAGE = YES_ERROR;
				CLANG_WARN_DOCUMENTATION_COMMENTS = YES;
				CLANG_WARN_EMPTY_BODY = YES;
				CLANG_WARN_ENUM_CONVERSION = YES;
				CLANG_WARN_INFINITE_RECURSION = YES;
				CLANG_WARN_INT_CONVERSION = YES;
				CLANG_WARN_OBJC_ROOT_CLASS = YES_ERROR;
				CLANG_WARN_SUSPICIOUS_MOVE = YES;
				CLANG_WARN_UNREACHABLE_CODE = YES;
				CLANG_WARN__DUPLICATE_METHOD_MATCH = YES;
				"CODE_SIGN_IDENTITY[sdk=iphoneos*]" = "iPhone Developer";
				COPY_PHASE_STRIP = NO;
				DEBUG_INFORMATION_FORMAT = dwarf;
				ENABLE_STRICT_OBJC_MSGSEND = YES;
				ENABLE_TESTABILITY = YES;
				GCC_C_LANGUAGE_STANDARD = gnu99;
				GCC_DYNAMIC_NO_PIC = NO;
				GCC_NO_COMMON_BLOCKS = YES;
				GCC_OPTIMIZATION_LEVEL = 0;
				GCC_PREPROCESSOR_DEFINITIONS = (
					"DEBUG=1",
					"$(inherited)",
				);
				GCC_WARN_64_TO_32_BIT_CONVERSION = YES;
				GCC_WARN_ABOUT_RETURN_TYPE = YES_ERROR;
				GCC_WARN_UNDECLARED_SELECTOR = YES;
				GCC_WARN_UNINITIALIZED_AUTOS = YES_AGGRESSIVE;
				GCC_WARN_UNUSED_FUNCTION = YES;
				GCC_WARN_UNUSED_VARIABLE = YES;
				IPHONEOS_DEPLOYMENT_TARGET = 10.2;
				MTL_ENABLE_DEBUG_INFO = YES;
				ONLY_ACTIVE_ARCH = YES;
				SDKROOT = iphoneos;
			};
			name = Debug;
		};
		3A6E587D1E812C010009FED0 /* Release */ = {
			isa = XCBuildConfiguration;
			buildSettings = {
				ALWAYS_SEARCH_USER_PATHS = NO;
				CLANG_ANALYZER_NONNULL = YES;
				CLANG_CXX_LANGUAGE_STANDARD = "gnu++0x";
				CLANG_CXX_LIBRARY = "libc++";
				CLANG_ENABLE_MODULES = YES;
				CLANG_ENABLE_OBJC_ARC = YES;
				CLANG_WARN_BOOL_CONVERSION = YES;
				CLANG_WARN_CONSTANT_CONVERSION = YES;
				CLANG_WARN_DIRECT_OBJC_ISA_USAGE = YES_ERROR;
				CLANG_WARN_DOCUMENTATION_COMMENTS = YES;
				CLANG_WARN_EMPTY_BODY = YES;
				CLANG_WARN_ENUM_CONVERSION = YES;
				CLANG_WARN_INFINITE_RECURSION = YES;
				CLANG_WARN_INT_CONVERSION = YES;
				CLANG_WARN_OBJC_ROOT_CLASS = YES_ERROR;
				CLANG_WARN_SUSPICIOUS_MOVE = YES;
				CLANG_WARN_UNREACHABLE_CODE = YES;
				CLANG_WARN__DUPLICATE_METHOD_MATCH = YES;
				"CODE_SIGN_IDENTITY[sdk=iphoneos*]" = "iPhone Developer";
				COPY_PHASE_STRIP = NO;
				DEBUG_INFORMATION_FORMAT = "dwarf-with-dsym";
				ENABLE_NS_ASSERTIONS = NO;
				ENABLE_STRICT_OBJC_MSGSEND = YES;
				GCC_C_LANGUAGE_STANDARD = gnu99;
				GCC_NO_COMMON_BLOCKS = YES;
				GCC_WARN_64_TO_32_BIT_CONVERSION = YES;
				GCC_WARN_ABOUT_RETURN_TYPE = YES_ERROR;
				GCC_WARN_UNDECLARED_SELECTOR = YES;
				GCC_WARN_UNINITIALIZED_AUTOS = YES_AGGRESSIVE;
				GCC_WARN_UNUSED_FUNCTION = YES;
				GCC_WARN_UNUSED_VARIABLE = YES;
				IPHONEOS_DEPLOYMENT_TARGET = 10.2;
				MTL_ENABLE_DEBUG_INFO = NO;
				SDKROOT = iphoneos;
				VALIDATE_PRODUCT = YES;
			};
			name = Release;
		};
		3A6E587F1E812C010009FED0 /* Debug */ = {
			isa = XCBuildConfiguration;
			buildSettings = {
				ASSETCATALOG_COMPILER_APPICON_NAME = AppIcon;
				DEVELOPMENT_TEAM = KK5694975F;
				INFOPLIST_FILE = ContactHelper/Info.plist;
				LD_RUNPATH_SEARCH_PATHS = "$(inherited) @executable_path/Frameworks";
				PRODUCT_BUNDLE_IDENTIFIER = YFL.ContactHelper;
				PRODUCT_NAME = "$(TARGET_NAME)";
			};
			name = Debug;
		};
		3A6E58801E812C010009FED0 /* Release */ = {
			isa = XCBuildConfiguration;
			buildSettings = {
				ASSETCATALOG_COMPILER_APPICON_NAME = AppIcon;
				DEVELOPMENT_TEAM = KK5694975F;
				INFOPLIST_FILE = ContactHelper/Info.plist;
				LD_RUNPATH_SEARCH_PATHS = "$(inherited) @executable_path/Frameworks";
				PRODUCT_BUNDLE_IDENTIFIER = YFL.ContactHelper;
				PRODUCT_NAME = "$(TARGET_NAME)";
			};
			name = Release;
		};
		3A6E58821E812C010009FED0 /* Debug */ = {
			isa = XCBuildConfiguration;
			buildSettings = {
				BUNDLE_LOADER = "$(TEST_HOST)";
				INFOPLIST_FILE = ContactHelperTests/Info.plist;
				LD_RUNPATH_SEARCH_PATHS = "$(inherited) @executable_path/Frameworks @loader_path/Frameworks";
				PRODUCT_BUNDLE_IDENTIFIER = YFL.ContactHelperTests;
				PRODUCT_NAME = "$(TARGET_NAME)";
				TEST_HOST = "$(BUILT_PRODUCTS_DIR)/ContactHelper.app/ContactHelper";
			};
			name = Debug;
		};
		3A6E58831E812C010009FED0 /* Release */ = {
			isa = XCBuildConfiguration;
			buildSettings = {
				BUNDLE_LOADER = "$(TEST_HOST)";
				INFOPLIST_FILE = ContactHelperTests/Info.plist;
				LD_RUNPATH_SEARCH_PATHS = "$(inherited) @executable_path/Frameworks @loader_path/Frameworks";
				PRODUCT_BUNDLE_IDENTIFIER = YFL.ContactHelperTests;
				PRODUCT_NAME = "$(TARGET_NAME)";
				TEST_HOST = "$(BUILT_PRODUCTS_DIR)/ContactHelper.app/ContactHelper";
			};
			name = Release;
		};
		3A6E58851E812C010009FED0 /* Debug */ = {
			isa = XCBuildConfiguration;
			buildSettings = {
				INFOPLIST_FILE = ContactHelperUITests/Info.plist;
				LD_RUNPATH_SEARCH_PATHS = "$(inherited) @executable_path/Frameworks @loader_path/Frameworks";
				PRODUCT_BUNDLE_IDENTIFIER = YFL.ContactHelperUITests;
				PRODUCT_NAME = "$(TARGET_NAME)";
				TEST_TARGET_NAME = ContactHelper;
			};
			name = Debug;
		};
		3A6E58861E812C010009FED0 /* Release */ = {
			isa = XCBuildConfiguration;
			buildSettings = {
				INFOPLIST_FILE = ContactHelperUITests/Info.plist;
				LD_RUNPATH_SEARCH_PATHS = "$(inherited) @executable_path/Frameworks @loader_path/Frameworks";
				PRODUCT_BUNDLE_IDENTIFIER = YFL.ContactHelperUITests;
				PRODUCT_NAME = "$(TARGET_NAME)";
				TEST_TARGET_NAME = ContactHelper;
			};
			name = Release;
		};
/* End XCBuildConfiguration section */

/* Begin XCConfigurationList section */
		3A6E584C1E812C000009FED0 /* Build configuration list for PBXProject "ContactHelper" */ = {
			isa = XCConfigurationList;
			buildConfigurations = (
				3A6E587C1E812C010009FED0 /* Debug */,
				3A6E587D1E812C010009FED0 /* Release */,
			);
			defaultConfigurationIsVisible = 0;
			defaultConfigurationName = Release;
		};
		3A6E587E1E812C010009FED0 /* Build configuration list for PBXNativeTarget "ContactHelper" */ = {
			isa = XCConfigurationList;
			buildConfigurations = (
				3A6E587F1E812C010009FED0 /* Debug */,
				3A6E58801E812C010009FED0 /* Release */,
			);
			defaultConfigurationIsVisible = 0;
		};
		3A6E58811E812C010009FED0 /* Build configuration list for PBXNativeTarget "ContactHelperTests" */ = {
			isa = XCConfigurationList;
			buildConfigurations = (
				3A6E58821E812C010009FED0 /* Debug */,
				3A6E58831E812C010009FED0 /* Release */,
			);
			defaultConfigurationIsVisible = 0;
		};
		3A6E58841E812C010009FED0 /* Build configuration list for PBXNativeTarget "ContactHelperUITests" */ = {
			isa = XCConfigurationList;
			buildConfigurations = (
				3A6E58851E812C010009FED0 /* Debug */,
				3A6E58861E812C010009FED0 /* Release */,
			);
			defaultConfigurationIsVisible = 0;
		};
/* End XCConfigurationList section */
	};
	rootObject = 3A6E58491E812C000009FED0 /* Project object */;
}
